
Microsoft Visual Studio Solution File, Format Version 12.00
# Visual Studio 2012
Project("{FAE04EC0-301F-11D3-BF4B-00C04F79EFBC}") = "FilterOffsetHelper", "FilterOffsetHelper\FilterOffsetHelper.csproj", "{E70D1C22-5012-496D-A41D-F2ACF138F64D}"
EndProject
Global
	GlobalSection(SolutionConfigurationPlatforms) = preSolution
		Debug|Any CPU = Debug|Any CPU
		Release|Any CPU = Release|Any CPU
	EndGlobalSection
	GlobalSection(ProjectConfigurationPlatforms) = postSolution
		{E70D1C22-5012-496D-A41D-F2ACF138F64D}.Debug|Any CPU.ActiveCfg = Debug|Any CPU
		{E70D1C22-5012-496D-A41D-F2ACF138F64D}.Debug|Any CPU.Build.0 = Debug|Any CPU
		{E70D1C22-5012-496D-A41D-F2ACF138F64D}.Release|Any CPU.ActiveCfg = Release|Any CPU
		{E70D1C22-5012-496D-A41D-F2ACF138F64D}.Release|Any CPU.Build.0 = Release|Any CPU
	EndGlobalSection
	GlobalSection(SolutionProperties) = preSolution
		HideSolutionNode = FALSE
	EndGlobalSection
EndGlobal
